
Microsoft Visual Studio Solution File, Format Version 12.00
# Visual Studio 14
VisualStudioVersion = 14.0.25420.1
MinimumVisualStudioVersion = 10.0.40219.1
Project("{8BC9CEB8-8B4A-11D0-8D11-00A0C91BC942}") = "SenranKaguraToolkit", "SenranKaguraToolkit\SenranKaguraToolkit.vcxproj", "{046A5B83-2F31-4B72-8C23-F1411C81C707}"
	ProjectSection(ProjectDependencies) = postProject
		{6898E5A6-CD81-458B-BAC7-DD290B6B78C4} = {6898E5A6-CD81-458B-BAC7-DD290B6B78C4}
	EndProjectSection
EndProject
Project("{8BC9CEB8-8B4A-11D0-8D11-00A0C91BC942}") = "libSKTK", "libSKTK\libSKTK.vcxproj", "{6898E5A6-CD81-458B-BAC7-DD290B6B78C4}"
EndProject
Project("{8BC9CEB8-8B4A-11D0-8D11-00A0C91BC942}") = "ModelViewer", "ModelViewer\ModelViewer.vcxproj", "{6F8C9AD2-767B-4B56-91AE-FBFC1217B738}"
	ProjectSection(ProjectDependencies) = postProject
		{5AA2EA18-8373-4491-ADB3-2FEC6C4CF6DF} = {5AA2EA18-8373-4491-ADB3-2FEC6C4CF6DF}
		{6898E5A6-CD81-458B-BAC7-DD290B6B78C4} = {6898E5A6-CD81-458B-BAC7-DD290B6B78C4}
	EndProjectSection
EndProject
Project("{8BC9CEB8-8B4A-11D0-8D11-00A0C91BC942}") = "libSBGLpp", "..\libSBGLpp\libSBGLpp.vcxproj", "{5AA2EA18-8373-4491-ADB3-2FEC6C4CF6DF}"
EndProject
Global
	GlobalSection(SolutionConfigurationPlatforms) = preSolution
		Debug|x64 = Debug|x64
		Debug|x86 = Debug|x86
		Release|x64 = Release|x64
		Release|x86 = Release|x86
	EndGlobalSection
	GlobalSection(ProjectConfigurationPlatforms) = postSolution
		{046A5B83-2F31-4B72-8C23-F1411C81C707}.Debug|x64.ActiveCfg = Debug|x64
		{046A5B83-2F31-4B72-8C23-F1411C81C707}.Debug|x64.Build.0 = Debug|x64
		{046A5B83-2F31-4B72-8C23-F1411C81C707}.Debug|x86.ActiveCfg = Debug|Win32
		{046A5B83-2F31-4B72-8C23-F1411C81C707}.Debug|x86.Build.0 = Debug|Win32
		{046A5B83-2F31-4B72-8C23-F1411C81C707}.Release|x64.ActiveCfg = Release|x64
		{046A5B83-2F31-4B72-8C23-F1411C81C707}.Release|x64.Build.0 = Release|x64
		{046A5B83-2F31-4B72-8C23-F1411C81C707}.Release|x86.ActiveCfg = Release|Win32
		{046A5B83-2F31-4B72-8C23-F1411C81C707}.Release|x86.Build.0 = Release|Win32
		{6898E5A6-CD81-458B-BAC7-DD290B6B78C4}.Debug|x64.ActiveCfg = Debug|x64
		{6898E5A6-CD81-458B-BAC7-DD290B6B78C4}.Debug|x64.Build.0 = Debug|x64
		{6898E5A6-CD81-458B-BAC7-DD290B6B78C4}.Debug|x86.ActiveCfg = Debug|Win32
		{6898E5A6-CD81-458B-BAC7-DD290B6B78C4}.Debug|x86.Build.0 = Debug|Win32
		{6898E5A6-CD81-458B-BAC7-DD290B6B78C4}.Release|x64.ActiveCfg = Release|x64
		{6898E5A6-CD81-458B-BAC7-DD290B6B78C4}.Release|x64.Build.0 = Release|x64
		{6898E5A6-CD81-458B-BAC7-DD290B6B78C4}.Release|x86.ActiveCfg = Release|Win32
		{6898E5A6-CD81-458B-BAC7-DD290B6B78C4}.Release|x86.Build.0 = Release|Win32
		{6F8C9AD2-767B-4B56-91AE-FBFC1217B738}.Debug|x64.ActiveCfg = Debug|x64
		{6F8C9AD2-767B-4B56-91AE-FBFC1217B738}.Debug|x64.Build.0 = Debug|x64
		{6F8C9AD2-767B-4B56-91AE-FBFC1217B738}.Debug|x86.ActiveCfg = Debug|Win32
		{6F8C9AD2-767B-4B56-91AE-FBFC1217B738}.Debug|x86.Build.0 = Debug|Win32
		{6F8C9AD2-767B-4B56-91AE-FBFC1217B738}.Release|x64.ActiveCfg = Release|x64
		{6F8C9AD2-767B-4B56-91AE-FBFC1217B738}.Release|x64.Build.0 = Release|x64
		{6F8C9AD2-767B-4B56-91AE-FBFC1217B738}.Release|x86.ActiveCfg = Release|Win32
		{6F8C9AD2-767B-4B56-91AE-FBFC1217B738}.Release|x86.Build.0 = Release|Win32
		{5AA2EA18-8373-4491-ADB3-2FEC6C4CF6DF}.Debug|x64.ActiveCfg = Debug|x64
		{5AA2EA18-8373-4491-ADB3-2FEC6C4CF6DF}.Debug|x64.Build.0 = Debug|x64
		{5AA2EA18-8373-4491-ADB3-2FEC6C4CF6DF}.Debug|x86.ActiveCfg = Debug|Win32
		{5AA2EA18-8373-4491-ADB3-2FEC6C4CF6DF}.Debug|x86.Build.0 = Debug|Win32
		{5AA2EA18-8373-4491-ADB3-2FEC6C4CF6DF}.Release|x64.ActiveCfg = Release|x64
		{5AA2EA18-8373-4491-ADB3-2FEC6C4CF6DF}.Release|x64.Build.0 = Release|x64
		{5AA2EA18-8373-4491-ADB3-2FEC6C4CF6DF}.Release|x86.ActiveCfg = Release|Win32
		{5AA2EA18-8373-4491-ADB3-2FEC6C4CF6DF}.Release|x86.Build.0 = Release|Win32
	EndGlobalSection
	GlobalSection(SolutionProperties) = preSolution
		HideSolutionNode = FALSE
	EndGlobalSection
EndGlobal
